
Microsoft Visual Studio Solution File, Format Version 12.00
# Visual Studio Version 16
VisualStudioVersion = 16.0.32126.315
MinimumVisualStudioVersion = 10.0.40219.1
Project("{FAE04EC0-301F-11D3-BF4B-00C04F79EFBC}") = "Ecodation_City_Car_Oyunu", "Ecodation_City_Car_Oyunu\Ecodation_City_Car_Oyunu.csproj", "{DD9457A4-9C91-4AED-A199-DD432FCBC3CD}"
EndProject
Global
	GlobalSection(SolutionConfigurationPlatforms) = preSolution
		Debug|Any CPU = Debug|Any CPU
		Release|Any CPU = Release|Any CPU
	EndGlobalSection
	GlobalSection(ProjectConfigurationPlatforms) = postSolution
		{DD9457A4-9C91-4AED-A199-DD432FCBC3CD}.Debug|Any CPU.ActiveCfg = Debug|Any CPU
		{DD9457A4-9C91-4AED-A199-DD432FCBC3CD}.Debug|Any CPU.Build.0 = Debug|Any CPU
		{DD9457A4-9C91-4AED-A199-DD432FCBC3CD}.Release|Any CPU.ActiveCfg = Release|Any CPU
		{DD9457A4-9C91-4AED-A199-DD432FCBC3CD}.Release|Any CPU.Build.0 = Release|Any CPU
	EndGlobalSection
	GlobalSection(SolutionProperties) = preSolution
		HideSolutionNode = FALSE
	EndGlobalSection
	GlobalSection(ExtensibilityGlobals) = postSolution
		SolutionGuid = {F3334FF1-26DC-4021-8BD8-0F6C21EFAB5B}
	EndGlobalSection
EndGlobal
